<?xml version="1.0" encoding="utf-8"?>
<Project ToolsVersion="4.0" xmlns="http://schemas.microsoft.com/developer/msbuild/2003">
  <ItemGroup>
    <Filter Include="Source Files">
      <UniqueIdentifier>{4FC737F1-C7A5-4376-A066-2A32D752A2FF}</UniqueIdentifier>
      <Extensions>cpp;c;cc;cxx;def;odl;idl;hpj;bat;asm;asmx</Extensions>
    </Filter>
    <Filter Include="Header Files">
      <UniqueIdentifier>{93995380-89BD-4b04-88EB-625FBE52EBFB}</UniqueIdentifier>
      <Extensions>h;hh;hpp;hxx;hm;inl;inc;xsd</Extensions>
    </Filter>
    <Filter Include="Header Files\VEEventListener">
      <UniqueIdentifier>{9cf20900-e4c7-40a8-9abf-042c3c761479}</UniqueIdentifier>
    </Filter>
    <Filter Include="Header Files\VESubrender">
      <UniqueIdentifier>{c8466613-f4a9-4c88-80c2-ed609015f0d5}</UniqueIdentifier>
    </Filter>
    <Filter Include="Header Files\Collision">
      <UniqueIdentifier>{ce0ac7ac-7b5a-4df0-b45f-cba68da392cc}</UniqueIdentifier>
    </Filter>
    <Filter Include="Source Files\VEEventListener">
      <UniqueIdentifier>{4f3aac8f-2864-46de-9425-0085a207a838}</UniqueIdentifier>
    </Filter>
    <Filter Include="Source Files\VESubrender">
      <UniqueIdentifier>{dfc1647a-4e78-4849-a949-6f6cf7606d8f}</UniqueIdentifier>
    </Filter>
    <Filter Include="Source Files\Collision">
      <UniqueIdentifier>{5f2f439f-74ed-48cc-b7ce-770bea1f7f6d}</UniqueIdentifier>
    </Filter>
    <Filter Include="Source Files\VHelper">
      <UniqueIdentifier>{97507648-312a-4693-9a61-5563a8f0123b}</UniqueIdentifier>
    </Filter>
    <Filter Include="Header Files\VHelper">
      <UniqueIdentifier>{6a52e981-61c4-42e0-aadb-431516ce8e9d}</UniqueIdentifier>
    </Filter>
    <Filter Include="Header Files\OutdoorEditor">
      <UniqueIdentifier>{58d6758b-15ff-4b3a-ad20-8d42c1f0bf6a}</UniqueIdentifier>
    </Filter>
    <Filter Include="Source Files\OutdoorEditor">
      <UniqueIdentifier>{1d1394df-6d8b-42be-9a27-7452b9087685}</UniqueIdentifier>
    </Filter>
    <Filter Include="Source Files\OutdoorEditor\VoxelData">
      <UniqueIdentifier>{a100c1af-b8c8-4e94-a0bd-3ab12d7ad273}</UniqueIdentifier>
    </Filter>
    <Filter Include="Source Files\OutdoorEditor\Engine">
      <UniqueIdentifier>{aed0e631-30d2-4bec-9fcb-a9c6bf9a8aaf}</UniqueIdentifier>
    </Filter>
    <Filter Include="Source Files\OutdoorEditor\TerrainGenerator">
      <UniqueIdentifier>{d2335097-4d7d-4df2-9d5b-9dc4d788946f}</UniqueIdentifier>
    </Filter>
    <Filter Include="Header Files\OutdoorEditor\Engine">
      <UniqueIdentifier>{4af21baa-824c-441e-a708-478ac486cfad}</UniqueIdentifier>
    </Filter>
    <Filter Include="Header Files\OutdoorEditor\VoxelData">
      <UniqueIdentifier>{42406817-18b4-4b23-9192-46cd319594ea}</UniqueIdentifier>
    </Filter>
    <Filter Include="Header Files\OutdoorEditor\TerrainGenerator">
      <UniqueIdentifier>{c4eb1811-0292-4b3a-86a6-cef0cc820ddf}</UniqueIdentifier>
    </Filter>
    <Filter Include="Header Files\OutdoorEditor\Engine\EventListener">
      <UniqueIdentifier>{5361db14-48a6-455d-84b3-4b7f41332ac4}</UniqueIdentifier>
    </Filter>
    <Filter Include="Source Files\OutdoorEditor\Engine\EventListener">
      <UniqueIdentifier>{d64a73c9-326b-455b-b4ff-37279b7dcd26}</UniqueIdentifier>
    </Filter>
    <Filter Include="Source Files\OutdoorEditor\EditingTools">
      <UniqueIdentifier>{b80a207d-894e-4bdc-88ec-fdf3960358f0}</UniqueIdentifier>
    </Filter>
    <Filter Include="Header Files\OutdoorEditor\EditingTools">
      <UniqueIdentifier>{6455a9fd-168a-4dc1-95e2-79706c994c44}</UniqueIdentifier>
    </Filter>
    <Filter Include="Header Files\OutdoorEditor\EditingTools\Brushes">
      <UniqueIdentifier>{5b1abe06-9c74-4bb7-8f5a-7119cefd341f}</UniqueIdentifier>
    </Filter>
    <Filter Include="Header Files\OutdoorEditor\EditingTools\Math">
      <UniqueIdentifier>{52195f07-a676-40e6-8002-0a8f86738e4d}</UniqueIdentifier>
    </Filter>
    <Filter Include="Source Files\OutdoorEditor\EditingTools\Brushes">
      <UniqueIdentifier>{fe9e4da9-32de-4bdb-8f24-5c11a67c8165}</UniqueIdentifier>
    </Filter>
    <Filter Include="Source Files\OutdoorEditor\EditingTools\Math">
      <UniqueIdentifier>{d8884fce-8a74-4f54-ba97-a03059638aed}</UniqueIdentifier>
    </Filter>
    <Filter Include="Header Files\OutdoorEditor\Engine\Editor">
      <UniqueIdentifier>{f54a9cdd-ef53-4a51-85e4-a99077a7dda3}</UniqueIdentifier>
    </Filter>
    <Filter Include="Source Files\OutdoorEditor\Engine\Editor">
      <UniqueIdentifier>{eb1608a8-d996-404d-813e-11c99c667d1d}</UniqueIdentifier>
    </Filter>
    <Filter Include="Source Files\OutdoorEditor\Models">
      <UniqueIdentifier>{d69e878b-e740-45ad-aa34-aeed0d20a6dd}</UniqueIdentifier>
    </Filter>
    <Filter Include="Header Files\OutdoorEditor\Models">
      <UniqueIdentifier>{f47badd4-5828-483e-87df-ca3ed602db6a}</UniqueIdentifier>
    </Filter>
  </ItemGroup>
  <ItemGroup>
    <ClInclude Include="VEEngine.h">
      <Filter>Header Files</Filter>
    </ClInclude>
    <ClInclude Include="VEWindow.h">
      <Filter>Header Files</Filter>
    </ClInclude>
    <ClInclude Include="VERenderer.h">
      <Filter>Header Files</Filter>
    </ClInclude>
    <ClInclude Include="VEWindowGLFW.h">
      <Filter>Header Files</Filter>
    </ClInclude>
    <ClInclude Include="VERendererForward.h">
      <Filter>Header Files</Filter>
    </ClInclude>
    <ClInclude Include="VESceneManager.h">
      <Filter>Header Files</Filter>
    </ClInclude>
    <ClInclude Include="VEEntity.h">
      <Filter>Header Files</Filter>
    </ClInclude>
    <ClInclude Include="VEInclude.h">
      <Filter>Header Files</Filter>
    </ClInclude>
    <ClInclude Include="VENamedClass.h">
      <Filter>Header Files</Filter>
    </ClInclude>
    <ClInclude Include="vk_mem_alloc.h">
      <Filter>Header Files</Filter>
    </ClInclude>
    <ClInclude Include="VEMaterial.h">
      <Filter>Header Files</Filter>
    </ClInclude>
    <ClInclude Include="VEEventListenerGLFW.h">
      <Filter>Header Files\VEEventListener</Filter>
    </ClInclude>
    <ClInclude Include="VEEventListenerNuklear.h">
      <Filter>Header Files\VEEventListener</Filter>
    </ClInclude>
    <ClInclude Include="CLInclude.h">
      <Filter>Header Files\Collision</Filter>
    </ClInclude>
    <ClInclude Include="CLShape.h">
      <Filter>Header Files\Collision</Filter>
    </ClInclude>
    <ClInclude Include="VESubrenderFW_C1.h">
      <Filter>Header Files\VESubrender</Filter>
    </ClInclude>
    <ClInclude Include="VESubrenderFW_D.h">
      <Filter>Header Files\VESubrender</Filter>
    </ClInclude>
    <ClInclude Include="VESubrenderFW_DN.h">
      <Filter>Header Files\VESubrender</Filter>
    </ClInclude>
    <ClInclude Include="VESubrenderFW_Nuklear.h">
      <Filter>Header Files\VESubrender</Filter>
    </ClInclude>
    <ClInclude Include="VESubrenderFW_Shadow.h">
      <Filter>Header Files\VESubrender</Filter>
    </ClInclude>
    <ClInclude Include="VESubrenderFW_Skyplane.h">
      <Filter>Header Files\VESubrender</Filter>
    </ClInclude>
    <ClInclude Include="VEEventListener.h">
      <Filter>Header Files\VEEventListener</Filter>
    </ClInclude>
    <ClInclude Include="VESubrender.h">
      <Filter>Header Files\VESubrender</Filter>
    </ClInclude>
    <ClInclude Include="VEEventListenerNuklearDebug.h">
      <Filter>Header Files\VEEventListener</Filter>
    </ClInclude>
    <ClInclude Include="VESubrenderFW.h">
      <Filter>Header Files\VESubrender</Filter>
    </ClInclude>
    <ClInclude Include="..\external\threadpool\ThreadPool.h">
      <Filter>Header Files\VHelper</Filter>
    </ClInclude>
    <ClInclude Include="VHHelper.h">
      <Filter>Header Files\VHelper</Filter>
    </ClInclude>
    <ClInclude Include="VHFunctions.h">
      <Filter>Header Files\VHelper</Filter>
    </ClInclude>
    <ClInclude Include="EventListenerGUI.h">
      <Filter>Header Files\OutdoorEditor\Engine\EventListener</Filter>
    </ClInclude>
    <ClInclude Include="VoxelCoordinates.h">
      <Filter>Header Files\OutdoorEditor\VoxelData</Filter>
    </ClInclude>
    <ClInclude Include="VoxelChunkData.h">
      <Filter>Header Files\OutdoorEditor\VoxelData</Filter>
    </ClInclude>
    <ClInclude Include="TerrainGenerator.h">
      <Filter>Header Files\OutdoorEditor\TerrainGenerator</Filter>
    </ClInclude>
    <ClInclude Include="MarchingCubes.h">
      <Filter>Header Files\OutdoorEditor\TerrainGenerator</Filter>
    </ClInclude>
    <ClInclude Include="VoxelPoint.h">
      <Filter>Header Files\OutdoorEditor\VoxelData</Filter>
    </ClInclude>
    <ClInclude Include="EventListenerUser.h">
      <Filter>Header Files\OutdoorEditor\Engine\EventListener</Filter>
    </ClInclude>
    <ClInclude Include="TerrainMeshChunk.h">
      <Filter>Header Files\OutdoorEditor\TerrainGenerator</Filter>
    </ClInclude>
    <ClInclude Include="TerrainManager.h">
      <Filter>Header Files\OutdoorEditor\TerrainGenerator</Filter>
    </ClInclude>
    <ClInclude Include="VoxelManager.h">
      <Filter>Header Files\OutdoorEditor\VoxelData</Filter>
    </ClInclude>
    <ClInclude Include="VESubrenderFW_Trilinear.h">
      <Filter>Header Files\VESubrender</Filter>
    </ClInclude>
    <ClInclude Include="EditingBrush.h">
      <Filter>Header Files\OutdoorEditor\EditingTools\Brushes</Filter>
    </ClInclude>
    <ClInclude Include="Ray.h">
      <Filter>Header Files\OutdoorEditor\EditingTools\Math</Filter>
    </ClInclude>
    <ClInclude Include="EditingBrushSphereFull.h">
      <Filter>Header Files\OutdoorEditor\EditingTools\Brushes</Filter>
    </ClInclude>
    <ClInclude Include="OutdoorEditorInfo.h">
      <Filter>Header Files\OutdoorEditor\Engine\Editor</Filter>
    </ClInclude>
    <ClInclude Include="OutdoorEditor.h">
      <Filter>Header Files\OutdoorEditor\Engine\Editor</Filter>
    </ClInclude>
    <ClInclude Include="OutdoorEditorEngine.h">
      <Filter>Header Files\OutdoorEditor\Engine\Editor</Filter>
    </ClInclude>
    <ClInclude Include="OEInclude.h">
      <Filter>Header Files\OutdoorEditor</Filter>
    </ClInclude>
    <ClInclude Include="NatureEntity.h">
      <Filter>Header Files\OutdoorEditor\Models</Filter>
    </ClInclude>
    <ClInclude Include="NatureEntity_t.h">
      <Filter>Header Files\OutdoorEditor\Models</Filter>
    </ClInclude>
    <ClInclude Include="NatureEntityDatabase.h">
      <Filter>Header Files\OutdoorEditor\Models</Filter>
    </ClInclude>
    <ClInclude Include="EditingBrushDrill.h">
      <Filter>Header Files\OutdoorEditor\EditingTools\Brushes</Filter>
    </ClInclude>
    <ClInclude Include="EditingBrushSphereSmooth.h">
      <Filter>Header Files\OutdoorEditor\EditingTools\Brushes</Filter>
    </ClInclude>
  </ItemGroup>
  <ItemGroup>
    <ClCompile Include="VEEngine.cpp">
      <Filter>Source Files</Filter>
    </ClCompile>
    <ClCompile Include="VEWindow.cpp">
      <Filter>Source Files</Filter>
    </ClCompile>
    <ClCompile Include="VERenderer.cpp">
      <Filter>Source Files</Filter>
    </ClCompile>
    <ClCompile Include="VEWindowGLFW.cpp">
      <Filter>Source Files</Filter>
    </ClCompile>
    <ClCompile Include="VERendererForward.cpp">
      <Filter>Source Files</Filter>
    </ClCompile>
    <ClCompile Include="VESceneManager.cpp">
      <Filter>Source Files</Filter>
    </ClCompile>
    <ClCompile Include="VEEntity.cpp">
      <Filter>Source Files</Filter>
    </ClCompile>
    <ClCompile Include="VENamedClass.cpp">
      <Filter>Source Files</Filter>
    </ClCompile>
    <ClCompile Include="VEMaterial.cpp">
      <Filter>Source Files</Filter>
    </ClCompile>
    <ClCompile Include="CLIntersect.cpp">
      <Filter>Source Files\Collision</Filter>
    </ClCompile>
    <ClCompile Include="VEEventListenerGLFW.cpp">
      <Filter>Source Files\VEEventListener</Filter>
    </ClCompile>
    <ClCompile Include="VEEventListenerNuklear.cpp">
      <Filter>Source Files\VEEventListener</Filter>
    </ClCompile>
    <ClCompile Include="VESubrenderFW_C1.cpp">
      <Filter>Source Files\VESubrender</Filter>
    </ClCompile>
    <ClCompile Include="VESubrenderFW_D.cpp">
      <Filter>Source Files\VESubrender</Filter>
    </ClCompile>
    <ClCompile Include="VESubrenderFW_DN.cpp">
      <Filter>Source Files\VESubrender</Filter>
    </ClCompile>
    <ClCompile Include="VESubrenderFW_Nuklear.cpp">
      <Filter>Source Files\VESubrender</Filter>
    </ClCompile>
    <ClCompile Include="VESubrenderFW_Shadow.cpp">
      <Filter>Source Files\VESubrender</Filter>
    </ClCompile>
    <ClCompile Include="VESubrenderFW_Skyplane.cpp">
      <Filter>Source Files\VESubrender</Filter>
    </ClCompile>
    <ClCompile Include="VHBuffer.cpp">
      <Filter>Source Files\VHelper</Filter>
    </ClCompile>
    <ClCompile Include="VHCommand.cpp">
      <Filter>Source Files\VHelper</Filter>
    </ClCompile>
    <ClCompile Include="VHDebug.cpp">
      <Filter>Source Files\VHelper</Filter>
    </ClCompile>
    <ClCompile Include="VHDevice.cpp">
      <Filter>Source Files\VHelper</Filter>
    </ClCompile>
    <ClCompile Include="VHFile.cpp">
      <Filter>Source Files\VHelper</Filter>
    </ClCompile>
    <ClCompile Include="VHMemory.cpp">
      <Filter>Source Files\VHelper</Filter>
    </ClCompile>
    <ClCompile Include="VHRender.cpp">
      <Filter>Source Files\VHelper</Filter>
    </ClCompile>
    <ClCompile Include="VHSwapchain.cpp">
      <Filter>Source Files\VHelper</Filter>
    </ClCompile>
    <ClCompile Include="VEEventListener.cpp">
      <Filter>Source Files\VEEventListener</Filter>
    </ClCompile>
    <ClCompile Include="VESubrender.cpp">
      <Filter>Source Files\VESubrender</Filter>
    </ClCompile>
    <ClCompile Include="VEEventListenerNuklearDebug.cpp">
      <Filter>Source Files\VEEventListener</Filter>
    </ClCompile>
    <ClCompile Include="VESubrenderFW.cpp">
      <Filter>Source Files\VESubrender</Filter>
    </ClCompile>
    <ClCompile Include="VEDocumentation.cpp">
      <Filter>Source Files</Filter>
    </ClCompile>
    <ClCompile Include="..\external\threadpool\ThreadPool.cpp">
      <Filter>Source Files\VHelper</Filter>
    </ClCompile>
    <ClCompile Include="VHFunctions.cpp">
      <Filter>Source Files\VHelper</Filter>
    </ClCompile>
    <ClCompile Include="EventListenerGUI.cpp">
      <Filter>Source Files\OutdoorEditor\Engine\EventListener</Filter>
    </ClCompile>
    <ClCompile Include="VoxelCoordinates.cpp">
      <Filter>Source Files\OutdoorEditor\VoxelData</Filter>
    </ClCompile>
    <ClCompile Include="VoxelChunkData.cpp">
      <Filter>Source Files\OutdoorEditor\VoxelData</Filter>
    </ClCompile>
    <ClCompile Include="main.cpp">
      <Filter>Source Files</Filter>
    </ClCompile>
    <ClCompile Include="MarchingCubes.cpp">
      <Filter>Source Files\OutdoorEditor\TerrainGenerator</Filter>
    </ClCompile>
    <ClCompile Include="VoxelPoint.cpp">
      <Filter>Source Files\OutdoorEditor\VoxelData</Filter>
    </ClCompile>
    <ClCompile Include="EventListenerUser.cpp">
      <Filter>Source Files\OutdoorEditor\Engine\EventListener</Filter>
    </ClCompile>
    <ClCompile Include="TerrainMeshChunk.cpp">
      <Filter>Source Files\OutdoorEditor\TerrainGenerator</Filter>
    </ClCompile>
    <ClCompile Include="TerrainManager.cpp">
      <Filter>Source Files\OutdoorEditor\TerrainGenerator</Filter>
    </ClCompile>
    <ClCompile Include="VoxelManager.cpp">
      <Filter>Source Files\OutdoorEditor\VoxelData</Filter>
    </ClCompile>
    <ClCompile Include="VESubrenderFW_Trilinear.cpp">
      <Filter>Source Files\VESubrender</Filter>
    </ClCompile>
    <ClCompile Include="EditingBrush.cpp">
      <Filter>Source Files\OutdoorEditor\EditingTools\Brushes</Filter>
    </ClCompile>
    <ClCompile Include="Ray.cpp">
      <Filter>Source Files\OutdoorEditor\EditingTools\Math</Filter>
    </ClCompile>
    <ClCompile Include="EditingBrushSphereFull.cpp">
      <Filter>Source Files\OutdoorEditor\EditingTools\Brushes</Filter>
    </ClCompile>
    <ClCompile Include="OutdoorEditorInfo.cpp">
      <Filter>Source Files\OutdoorEditor\Engine\Editor</Filter>
    </ClCompile>
    <ClCompile Include="OutdoorEditor.cpp">
      <Filter>Source Files\OutdoorEditor\Engine\Editor</Filter>
    </ClCompile>
    <ClCompile Include="OutdoorEditorEngine.cpp">
      <Filter>Source Files\OutdoorEditor\Engine\Editor</Filter>
    </ClCompile>
    <ClCompile Include="NatureEntity.cpp">
      <Filter>Source Files\OutdoorEditor\Models</Filter>
    </ClCompile>
    <ClCompile Include="NatureEntity_t.cpp">
      <Filter>Source Files\OutdoorEditor\Models</Filter>
    </ClCompile>
    <ClCompile Include="NatureEntityDatabase.cpp">
      <Filter>Source Files\OutdoorEditor\Models</Filter>
    </ClCompile>
    <ClCompile Include="EditingBrushDrill.cpp">
      <Filter>Source Files\OutdoorEditor\EditingTools\Brushes</Filter>
    </ClCompile>
    <ClCompile Include="EditingBrushSphereSmooth.cpp">
      <Filter>Source Files\OutdoorEditor\EditingTools\Brushes</Filter>
    </ClCompile>
  </ItemGroup>
  <ItemGroup>
    <None Include="VHFunctions.inl">
      <Filter>Header Files\VHelper</Filter>
    </None>
  </ItemGroup>
  <ItemGroup>
    <Text Include="TODO.txt">
      <Filter>Header Files\OutdoorEditor</Filter>
    </Text>
  </ItemGroup>
</Project>